
Microsoft Visual Studio Solution File, Format Version 12.00
# Visual Studio Version 17
VisualStudioVersion = 17.0.32126.317
MinimumVisualStudioVersion = 10.0.40219.1
Project("{FAE04EC0-301F-11D3-BF4B-00C04F79EFBC}") = "c1", "c1\c1.csproj", "{2D918907-8F52-4841-9390-F3C69334A6CF}"
EndProject
Global
	GlobalSection(SolutionConfigurationPlatforms) = preSolution
		Debug|Any CPU = Debug|Any CPU
		Release|Any CPU = Release|Any CPU
	EndGlobalSection
	GlobalSection(ProjectConfigurationPlatforms) = postSolution
		{2D918907-8F52-4841-9390-F3C69334A6CF}.Debug|Any CPU.ActiveCfg = Debug|Any CPU
		{2D918907-8F52-4841-9390-F3C69334A6CF}.Debug|Any CPU.Build.0 = Debug|Any CPU
		{2D918907-8F52-4841-9390-F3C69334A6CF}.Release|Any CPU.ActiveCfg = Release|Any CPU
		{2D918907-8F52-4841-9390-F3C69334A6CF}.Release|Any CPU.Build.0 = Release|Any CPU
	EndGlobalSection
	GlobalSection(SolutionProperties) = preSolution
		HideSolutionNode = FALSE
	EndGlobalSection
	GlobalSection(ExtensibilityGlobals) = postSolution
		SolutionGuid = {E5B79518-36A9-4E62-AC17-C77EFE33BE5B}
	EndGlobalSection
EndGlobal
